
Microsoft Visual Studio Solution File, Format Version 12.00
# Visual Studio Version 17
VisualStudioVersion = 17.14.36811.4 d17.14
MinimumVisualStudioVersion = 10.0.40219.1
Project("{FAE04EC0-301F-11D3-BF4B-00C04F79EFBC}") = "Tirgul33.1.2026", "Tirgul33.1.2026\Tirgul33.1.2026.csproj", "{92E323B7-D8EB-415B-9946-7A6614F163D8}"
EndProject
Global
	GlobalSection(SolutionConfigurationPlatforms) = preSolution
		Debug|Any CPU = Debug|Any CPU
		Release|Any CPU = Release|Any CPU
	EndGlobalSection
	GlobalSection(ProjectConfigurationPlatforms) = postSolution
		{92E323B7-D8EB-415B-9946-7A6614F163D8}.Debug|Any CPU.ActiveCfg = Debug|Any CPU
		{92E323B7-D8EB-415B-9946-7A6614F163D8}.Debug|Any CPU.Build.0 = Debug|Any CPU
		{92E323B7-D8EB-415B-9946-7A6614F163D8}.Release|Any CPU.ActiveCfg = Release|Any CPU
		{92E323B7-D8EB-415B-9946-7A6614F163D8}.Release|Any CPU.Build.0 = Release|Any CPU
	EndGlobalSection
	GlobalSection(SolutionProperties) = preSolution
		HideSolutionNode = FALSE
	EndGlobalSection
	GlobalSection(ExtensibilityGlobals) = postSolution
		SolutionGuid = {19ABEB88-E822-4D91-B216-9929D6C4CA23}
	EndGlobalSection
EndGlobal
